
Microsoft Visual Studio Solution File, Format Version 12.00
# Visual Studio Version 16
VisualStudioVersion = 16.0.32002.261
MinimumVisualStudioVersion = 10.0.40219.1
Project("{9A19103F-16F7-4668-BE54-9A1E7A4F7556}") = "PersonelTakip", "PersonelTakip\PersonelTakip.csproj", "{6E2276FA-CEA6-4CB9-B0ED-912E9E7551FB}"
EndProject
Global
	GlobalSection(SolutionConfigurationPlatforms) = preSolution
		Debug|Any CPU = Debug|Any CPU
		Release|Any CPU = Release|Any CPU
	EndGlobalSection
	GlobalSection(ProjectConfigurationPlatforms) = postSolution
		{6E2276FA-CEA6-4CB9-B0ED-912E9E7551FB}.Debug|Any CPU.ActiveCfg = Debug|Any CPU
		{6E2276FA-CEA6-4CB9-B0ED-912E9E7551FB}.Debug|Any CPU.Build.0 = Debug|Any CPU
		{6E2276FA-CEA6-4CB9-B0ED-912E9E7551FB}.Release|Any CPU.ActiveCfg = Release|Any CPU
		{6E2276FA-CEA6-4CB9-B0ED-912E9E7551FB}.Release|Any CPU.Build.0 = Release|Any CPU
	EndGlobalSection
	GlobalSection(SolutionProperties) = preSolution
		HideSolutionNode = FALSE
	EndGlobalSection
	GlobalSection(ExtensibilityGlobals) = postSolution
		SolutionGuid = {696A106C-58EC-4C92-BDFA-EFCB056E4C7F}
	EndGlobalSection
EndGlobal
